
Microsoft Visual Studio Solution File, Format Version 12.00
# Visual Studio Version 16
VisualStudioVersion = 16.0.29009.5
MinimumVisualStudioVersion = 10.0.40219.1
Project("{F184B08F-C81C-45F6-A57F-5ABD9991F28F}") = "menuStr", "menuStr\menuStr.vbproj", "{9CAAB052-C1BA-4D1A-B675-AACFD71A0357}"
EndProject
Global
	GlobalSection(SolutionConfigurationPlatforms) = preSolution
		Debug|Any CPU = Debug|Any CPU
		Release|Any CPU = Release|Any CPU
	EndGlobalSection
	GlobalSection(ProjectConfigurationPlatforms) = postSolution
		{9CAAB052-C1BA-4D1A-B675-AACFD71A0357}.Debug|Any CPU.ActiveCfg = Debug|Any CPU
		{9CAAB052-C1BA-4D1A-B675-AACFD71A0357}.Debug|Any CPU.Build.0 = Debug|Any CPU
		{9CAAB052-C1BA-4D1A-B675-AACFD71A0357}.Release|Any CPU.ActiveCfg = Release|Any CPU
		{9CAAB052-C1BA-4D1A-B675-AACFD71A0357}.Release|Any CPU.Build.0 = Release|Any CPU
	EndGlobalSection
	GlobalSection(SolutionProperties) = preSolution
		HideSolutionNode = FALSE
	EndGlobalSection
	GlobalSection(ExtensibilityGlobals) = postSolution
		SolutionGuid = {D22DFD49-44C3-4D9E-AE86-B78B398D646D}
	EndGlobalSection
EndGlobal
